{
  "lockfileVersion": 1,
  "workspaces": {
    "": {
      "name": "staratlas-holosim-hackr",
      "dependencies": {
        "codama": "^1.3.0",
        "figlet": "^1.8.1",
      },
      "devDependencies": {
        "@codama/nodes-from-anchor": "^1.2.0",
        "@codama/renderers": "^1.0.23",
        "@types/bun": "latest",
        "@types/figlet": "^1.7.0",
      },
      "peerDependencies": {
        "typescript": "^5",
      },
    },
  },
  "packages": {
    "@codama/errors": ["@codama/errors@1.3.0", "", { "dependencies": { "@codama/node-types": "1.3.0", "chalk": "^5.4.1", "commander": "^13.1.0" }, "bin": { "errors": "bin/cli.cjs" } }, "sha512-pYp/gOi1c/9btrybWvH2iK5jj7SOpMmyLm9EqbxrivV+lqzfEogU8IG+BLch9sqnuhPgg/PzCaB4sYd438UC/Q=="],

    "@codama/node-types": ["@codama/node-types@1.3.0", "", {}, "sha512-3dPbMXR/QgKUqXMMxc6PUi2f8Dq6eZ9P/v6+ChTQFLGhSQmqC1PsCbL77PuM7mf4IK9np1RXFqbC/EVpgLvbgA=="],

    "@codama/nodes": ["@codama/nodes@1.3.0", "", { "dependencies": { "@codama/errors": "1.3.0", "@codama/node-types": "1.3.0" } }, "sha512-Spf+Whm4jBLFxGPtJuDGmteGe+avoIDnh6rsByU1iJlYmcJJLjZayexFkvW8+1IeDclUMPQYBSj6SjuQEItLqQ=="],

    "@codama/nodes-from-anchor": ["@codama/nodes-from-anchor@1.2.0", "", { "dependencies": { "@codama/errors": "1.3.0", "@codama/nodes": "1.3.0", "@codama/visitors": "1.3.0", "@noble/hashes": "^1.8.0", "@solana/codecs": "2.1.1" } }, "sha512-IiIgNnqxXAu1Qk37tdVx7zq1aqZuqRYyfq4ef+31ktaOyH+bsZex9eA0mzwkAow2Nhgj8d5N6qg+i7pwey7B3A=="],

    "@codama/renderers": ["@codama/renderers@1.0.23", "", { "dependencies": { "@codama/renderers-js": "1.2.14", "@codama/renderers-js-umi": "1.1.15", "@codama/renderers-rust": "1.0.22" } }, "sha512-5i0RYSsYO9dfqCrFdPYGz/LbsSdhZe6U4MmMNjICBP/y2G+29qvKn2y7cEZe4ZCCdXwKSP7l2lz0dLIzwEB3ng=="],

    "@codama/renderers-core": ["@codama/renderers-core@1.0.16", "", { "dependencies": { "@codama/errors": "1.3.0", "@codama/nodes": "1.3.0", "@codama/visitors-core": "1.3.0" } }, "sha512-IJshH6JsX7GUaYmC6KlOd5pLLyW1Yqd0I8B0pVWvvv9BfPNosC4t4RfusHSkYQePkIvs7CJ7YlwUywwW36Vt8A=="],

    "@codama/renderers-js": ["@codama/renderers-js@1.2.14", "", { "dependencies": { "@codama/errors": "1.3.0", "@codama/nodes": "1.3.0", "@codama/renderers-core": "1.0.16", "@codama/visitors-core": "1.3.0", "@solana/codecs-strings": "^2.1.0", "nunjucks": "^3.2.4", "prettier": "^3.5.3" } }, "sha512-KukxwlX5iJpMBMRsiVY6vrmMipw8MbgHdNO3WFkNV1hO2F/ykhZfdHtZVEVL0Z/dNCBNfExLpign00teneCIoA=="],

    "@codama/renderers-js-umi": ["@codama/renderers-js-umi@1.1.15", "", { "dependencies": { "@codama/errors": "1.3.0", "@codama/nodes": "1.3.0", "@codama/renderers-core": "1.0.16", "@codama/validators": "1.3.0", "@codama/visitors-core": "1.3.0", "@solana/codecs-strings": "rc", "nunjucks": "^3.2.4", "prettier": "^3.5.3" } }, "sha512-6f3o+zCF0Fn0fYj4j5SxziPc+NYZzZBhCIKx0npJWcCfbW35TiFYw6nMVNhR1D3amkFQf+PLzQZahjWYjNOqgA=="],

    "@codama/renderers-rust": ["@codama/renderers-rust@1.0.22", "", { "dependencies": { "@codama/errors": "1.3.0", "@codama/nodes": "1.3.0", "@codama/renderers-core": "1.0.16", "@codama/visitors-core": "1.3.0", "@solana/codecs-strings": "rc", "nunjucks": "^3.2.4" } }, "sha512-ovK1UyFYt/oWW8W2B6ghe/nc1kvITakVQqVIlK21l2VHGo6yEFcdWvBRYn5VXMuwW0nMwPuC7Hv0eZmGLRR7xg=="],

    "@codama/validators": ["@codama/validators@1.3.0", "", { "dependencies": { "@codama/errors": "1.3.0", "@codama/nodes": "1.3.0", "@codama/visitors-core": "1.3.0" } }, "sha512-s6rG3fJSvS7zc+fQ5yJN1NHlGQiut+P3Bpi5sQcEikjdWDDezu4OOgkxTh8ksTsCu8Rsif2hVzFYDLMcKjNrag=="],

    "@codama/visitors": ["@codama/visitors@1.3.0", "", { "dependencies": { "@codama/errors": "1.3.0", "@codama/nodes": "1.3.0", "@codama/visitors-core": "1.3.0" } }, "sha512-xcFae6NwC6Omr9tDm6P8rF3IDm5jWe2VMPomixaAc7+mpRhAWLbsg+FYCi0E09NvADo4C1tGo8U/SsvZLATUsQ=="],

    "@codama/visitors-core": ["@codama/visitors-core@1.3.0", "", { "dependencies": { "@codama/errors": "1.3.0", "@codama/nodes": "1.3.0", "json-stable-stringify": "^1.3.0" } }, "sha512-Lldy0aOc882QYDa1IhjXhwpDsQE7oirBaebRddggXYFQs4+cvFROibHXBqG2npHPvQM4Mot6dJHQqffB/QL4iQ=="],

    "@noble/hashes": ["@noble/hashes@1.8.0", "", {}, "sha512-jCs9ldd7NwzpgXDIf6P3+NrHh9/sD6CQdxHyjQI+h/6rDNo88ypBxxz45UDuZHz9r3tNz7N/VInSVoVdtXEI4A=="],

    "@solana/codecs": ["@solana/codecs@2.1.1", "", { "dependencies": { "@solana/codecs-core": "2.1.1", "@solana/codecs-data-structures": "2.1.1", "@solana/codecs-numbers": "2.1.1", "@solana/codecs-strings": "2.1.1", "@solana/options": "2.1.1" }, "peerDependencies": { "typescript": ">=5.3.3" } }, "sha512-89Fv22fZ5dNiXjOKh6I3U1D/lVO/dF/cPHexdiqjS5k5R5uKeK3506rhcnc4ciawQAoOkDwHzW+HitUumF2PJg=="],

    "@solana/codecs-core": ["@solana/codecs-core@2.1.1", "", { "dependencies": { "@solana/errors": "2.1.1" }, "peerDependencies": { "typescript": ">=5.3.3" } }, "sha512-iPQW3UZ2Vi7QFBo2r9tw0NubtH8EdrhhmZulx6lC8V5a+qjaxovtM/q/UW2BTNpqqHLfO0tIcLyBLrNH4HTWPg=="],

    "@solana/codecs-data-structures": ["@solana/codecs-data-structures@2.1.1", "", { "dependencies": { "@solana/codecs-core": "2.1.1", "@solana/codecs-numbers": "2.1.1", "@solana/errors": "2.1.1" }, "peerDependencies": { "typescript": ">=5.3.3" } }, "sha512-OcR7FIhWDFqg6gEslbs2GVKeDstGcSDpkZo9SeV4bm2RLd1EZfxGhWW+yHZfHqOZiIkw9w+aY45bFgKrsLQmFw=="],

    "@solana/codecs-numbers": ["@solana/codecs-numbers@2.1.1", "", { "dependencies": { "@solana/codecs-core": "2.1.1", "@solana/errors": "2.1.1" }, "peerDependencies": { "typescript": ">=5.3.3" } }, "sha512-m20IUPJhPUmPkHSlZ2iMAjJ7PaYUvlMtFhCQYzm9BEBSI6OCvXTG3GAPpAnSGRBfg5y+QNqqmKn4QHU3B6zzCQ=="],

    "@solana/codecs-strings": ["@solana/codecs-strings@2.1.1", "", { "dependencies": { "@solana/codecs-core": "2.1.1", "@solana/codecs-numbers": "2.1.1", "@solana/errors": "2.1.1" }, "peerDependencies": { "fastestsmallesttextencoderdecoder": "^1.0.22", "typescript": ">=5.3.3" } }, "sha512-uhj+A7eT6IJn4nuoX8jDdvZa7pjyZyN+k64EZ8+aUtJGt5Ft4NjRM8Jl5LljwYBWKQCgouVuigZHtTO2yAWExA=="],

    "@solana/errors": ["@solana/errors@2.1.1", "", { "dependencies": { "chalk": "^5.4.1", "commander": "^13.1.0" }, "peerDependencies": { "typescript": ">=5.3.3" }, "bin": { "errors": "bin/cli.mjs" } }, "sha512-sj6DaWNbSJFvLzT8UZoabMefQUfSW/8tXK7NTiagsDmh+Q87eyQDDC9L3z+mNmx9b6dEf6z660MOIplDD2nfEw=="],

    "@solana/options": ["@solana/options@2.1.1", "", { "dependencies": { "@solana/codecs-core": "2.1.1", "@solana/codecs-data-structures": "2.1.1", "@solana/codecs-numbers": "2.1.1", "@solana/codecs-strings": "2.1.1", "@solana/errors": "2.1.1" }, "peerDependencies": { "typescript": ">=5.3.3" } }, "sha512-rnEExUGVOAV79kiFUEl/51gmSbBYxlcuw2VPnbAV/q53mIHoTgCwDD576N9A8wFftxaJHQFBdNuKiRrnU/fFHA=="],

    "@types/bun": ["@types/bun@1.2.15", "", { "dependencies": { "bun-types": "1.2.15" } }, "sha512-U1ljPdBEphF0nw1MIk0hI7kPg7dFdPyM7EenHsp6W5loNHl7zqy6JQf/RKCgnUn2KDzUpkBwHPnEJEjII594bA=="],

    "@types/figlet": ["@types/figlet@1.7.0", "", {}, "sha512-KwrT7p/8Eo3Op/HBSIwGXOsTZKYiM9NpWRBJ5sVjWP/SmlS+oxxRvJht/FNAtliJvja44N3ul1yATgohnVBV0Q=="],

    "@types/node": ["@types/node@22.15.30", "", { "dependencies": { "undici-types": "~6.21.0" } }, "sha512-6Q7lr06bEHdlfplU6YRbgG1SFBdlsfNC4/lX+SkhiTs0cpJkOElmWls8PxDFv4yY/xKb8Y6SO0OmSX4wgqTZbA=="],

    "a-sync-waterfall": ["a-sync-waterfall@1.0.1", "", {}, "sha512-RYTOHHdWipFUliRFMCS4X2Yn2X8M87V/OpSqWzKKOGhzqyUxzyVmhHDH9sAvG+ZuQf/TAOFsLCpMw09I1ufUnA=="],

    "asap": ["asap@2.0.6", "", {}, "sha512-BSHWgDSAiKs50o2Re8ppvp3seVHXSRM44cdSsT9FfNEUUZLOGWVCsiWaRPWM1Znn+mqZ1OfVZ3z3DWEzSp7hRA=="],

    "bun-types": ["bun-types@1.2.15", "", { "dependencies": { "@types/node": "*" } }, "sha512-NarRIaS+iOaQU1JPfyKhZm4AsUOrwUOqRNHY0XxI8GI8jYxiLXLcdjYMG9UKS+fwWasc1uw1htV9AX24dD+p4w=="],

    "call-bind": ["call-bind@1.0.8", "", { "dependencies": { "call-bind-apply-helpers": "^1.0.0", "es-define-property": "^1.0.0", "get-intrinsic": "^1.2.4", "set-function-length": "^1.2.2" } }, "sha512-oKlSFMcMwpUg2ednkhQ454wfWiU/ul3CkJe/PEHcTKuiX6RpbehUiFMXu13HalGZxfUwCQzZG747YXBn1im9ww=="],

    "call-bind-apply-helpers": ["call-bind-apply-helpers@1.0.2", "", { "dependencies": { "es-errors": "^1.3.0", "function-bind": "^1.1.2" } }, "sha512-Sp1ablJ0ivDkSzjcaJdxEunN5/XvksFJ2sMBFfq6x0ryhQV/2b/KwFe21cMpmHtPOSij8K99/wSfoEuTObmuMQ=="],

    "call-bound": ["call-bound@1.0.4", "", { "dependencies": { "call-bind-apply-helpers": "^1.0.2", "get-intrinsic": "^1.3.0" } }, "sha512-+ys997U96po4Kx/ABpBCqhA9EuxJaQWDQg7295H4hBphv3IZg0boBKuwYpt4YXp6MZ5AmZQnU/tyMTlRpaSejg=="],

    "chalk": ["chalk@5.4.1", "", {}, "sha512-zgVZuo2WcZgfUEmsn6eO3kINexW8RAE4maiQ8QNs8CtpPCSyMiYsULR3HQYkm3w8FIA3SberyMJMSldGsW+U3w=="],

    "codama": ["codama@1.3.0", "", { "dependencies": { "@codama/errors": "1.3.0", "@codama/nodes": "1.3.0", "@codama/validators": "1.3.0", "@codama/visitors": "1.3.0" } }, "sha512-rqnD0DRq7H3yJce3nDU1Kdy3Y/TsC/GirS4VazG7AEJ5UbR0fGIoThWWOpl2d5J1JmsaheY7APCY4PpnEZBoJA=="],

    "commander": ["commander@13.1.0", "", {}, "sha512-/rFeCpNJQbhSZjGVwO9RFV3xPqbnERS8MmIQzCtD/zl6gpJuV/bMLuN92oG3F7d8oDEHHRrujSXNUr8fpjntKw=="],

    "define-data-property": ["define-data-property@1.1.4", "", { "dependencies": { "es-define-property": "^1.0.0", "es-errors": "^1.3.0", "gopd": "^1.0.1" } }, "sha512-rBMvIzlpA8v6E+SJZoo++HAYqsLrkg7MSfIinMPFhmkorw7X+dOXVJQs+QT69zGkzMyfDnIMN2Wid1+NbL3T+A=="],

    "dunder-proto": ["dunder-proto@1.0.1", "", { "dependencies": { "call-bind-apply-helpers": "^1.0.1", "es-errors": "^1.3.0", "gopd": "^1.2.0" } }, "sha512-KIN/nDJBQRcXw0MLVhZE9iQHmG68qAVIBg9CqmUYjmQIhgij9U5MFvrqkUL5FbtyyzZuOeOt0zdeRe4UY7ct+A=="],

    "es-define-property": ["es-define-property@1.0.1", "", {}, "sha512-e3nRfgfUZ4rNGL232gUgX06QNyyez04KdjFrF+LTRoOXmrOgFKDg4BCdsjW8EnT69eqdYGmRpJwiPVYNrCaW3g=="],

    "es-errors": ["es-errors@1.3.0", "", {}, "sha512-Zf5H2Kxt2xjTvbJvP2ZWLEICxA6j+hAmMzIlypy4xcBg1vKVnx89Wy0GbS+kf5cwCVFFzdCFh2XSCFNULS6csw=="],

    "es-object-atoms": ["es-object-atoms@1.1.1", "", { "dependencies": { "es-errors": "^1.3.0" } }, "sha512-FGgH2h8zKNim9ljj7dankFPcICIK9Cp5bm+c2gQSYePhpaG5+esrLODihIorn+Pe6FGJzWhXQotPv73jTaldXA=="],

    "fastestsmallesttextencoderdecoder": ["fastestsmallesttextencoderdecoder@1.0.22", "", {}, "sha512-Pb8d48e+oIuY4MaM64Cd7OW1gt4nxCHs7/ddPPZ/Ic3sg8yVGM7O9wDvZ7us6ScaUupzM+pfBolwtYhN1IxBIw=="],

    "figlet": ["figlet@1.8.1", "", { "bin": { "figlet": "bin/index.js" } }, "sha512-kEC3Sme+YvA8Hkibv0NR1oClGcWia0VB2fC1SlMy027cwe795Xx40Xiv/nw/iFAwQLupymWh+uhAAErn/7hwPg=="],

    "function-bind": ["function-bind@1.1.2", "", {}, "sha512-7XHNxH7qX9xG5mIwxkhumTox/MIRNcOgDrxWsMt2pAr23WHp6MrRlN7FBSFpCpr+oVO0F744iUgR82nJMfG2SA=="],

    "get-intrinsic": ["get-intrinsic@1.3.0", "", { "dependencies": { "call-bind-apply-helpers": "^1.0.2", "es-define-property": "^1.0.1", "es-errors": "^1.3.0", "es-object-atoms": "^1.1.1", "function-bind": "^1.1.2", "get-proto": "^1.0.1", "gopd": "^1.2.0", "has-symbols": "^1.1.0", "hasown": "^2.0.2", "math-intrinsics": "^1.1.0" } }, "sha512-9fSjSaos/fRIVIp+xSJlE6lfwhES7LNtKaCBIamHsjr2na1BiABJPo0mOjjz8GJDURarmCPGqaiVg5mfjb98CQ=="],

    "get-proto": ["get-proto@1.0.1", "", { "dependencies": { "dunder-proto": "^1.0.1", "es-object-atoms": "^1.0.0" } }, "sha512-sTSfBjoXBp89JvIKIefqw7U2CCebsc74kiY6awiGogKtoSGbgjYE/G/+l9sF3MWFPNc9IcoOC4ODfKHfxFmp0g=="],

    "gopd": ["gopd@1.2.0", "", {}, "sha512-ZUKRh6/kUFoAiTAtTYPZJ3hw9wNxx+BIBOijnlG9PnrJsCcSjs1wyyD6vJpaYtgnzDrKYRSqf3OO6Rfa93xsRg=="],

    "has-property-descriptors": ["has-property-descriptors@1.0.2", "", { "dependencies": { "es-define-property": "^1.0.0" } }, "sha512-55JNKuIW+vq4Ke1BjOTjM2YctQIvCT7GFzHwmfZPGo5wnrgkid0YQtnAleFSqumZm4az3n2BS+erby5ipJdgrg=="],

    "has-symbols": ["has-symbols@1.1.0", "", {}, "sha512-1cDNdwJ2Jaohmb3sg4OmKaMBwuC48sYni5HUw2DvsC8LjGTLK9h+eb1X6RyuOHe4hT0ULCW68iomhjUoKUqlPQ=="],

    "hasown": ["hasown@2.0.2", "", { "dependencies": { "function-bind": "^1.1.2" } }, "sha512-0hJU9SCPvmMzIBdZFqNPXWa6dqh7WdH0cII9y+CyS8rG3nL48Bclra9HmKhVVUHyPWNH5Y7xDwAB7bfgSjkUMQ=="],

    "isarray": ["isarray@2.0.5", "", {}, "sha512-xHjhDr3cNBK0BzdUJSPXZntQUx/mwMS5Rw4A7lPJ90XGAO6ISP/ePDNuo0vhqOZU+UD5JoodwCAAoZQd3FeAKw=="],

    "json-stable-stringify": ["json-stable-stringify@1.3.0", "", { "dependencies": { "call-bind": "^1.0.8", "call-bound": "^1.0.4", "isarray": "^2.0.5", "jsonify": "^0.0.1", "object-keys": "^1.1.1" } }, "sha512-qtYiSSFlwot9XHtF9bD9c7rwKjr+RecWT//ZnPvSmEjpV5mmPOCN4j8UjY5hbjNkOwZ/jQv3J6R1/pL7RwgMsg=="],

    "jsonify": ["jsonify@0.0.1", "", {}, "sha512-2/Ki0GcmuqSrgFyelQq9M05y7PS0mEwuIzrf3f1fPqkVDVRvZrPZtVSMHxdgo8Aq0sxAOb/cr2aqqA3LeWHVPg=="],

    "math-intrinsics": ["math-intrinsics@1.1.0", "", {}, "sha512-/IXtbwEk5HTPyEwyKX6hGkYXxM9nbj64B+ilVJnC/R6B0pH5G4V3b0pVbL7DBj4tkhBAppbQUlf6F6Xl9LHu1g=="],

    "nunjucks": ["nunjucks@3.2.4", "", { "dependencies": { "a-sync-waterfall": "^1.0.0", "asap": "^2.0.3", "commander": "^5.1.0" }, "peerDependencies": { "chokidar": "^3.3.0" }, "optionalPeers": ["chokidar"], "bin": { "nunjucks-precompile": "bin/precompile" } }, "sha512-26XRV6BhkgK0VOxfbU5cQI+ICFUtMLixv1noZn1tGU38kQH5A5nmmbk/O45xdyBhD1esk47nKrY0mvQpZIhRjQ=="],

    "object-keys": ["object-keys@1.1.1", "", {}, "sha512-NuAESUOUMrlIXOfHKzD6bpPu3tYt3xvjNdRIQ+FeT0lNb4K8WR70CaDxhuNguS2XG+GjkyMwOzsN5ZktImfhLA=="],

    "prettier": ["prettier@3.5.3", "", { "bin": { "prettier": "bin/prettier.cjs" } }, "sha512-QQtaxnoDJeAkDvDKWCLiwIXkTgRhwYDEQCghU9Z6q03iyek/rxRh/2lC3HB7P8sWT2xC/y5JDctPLBIGzHKbhw=="],

    "set-function-length": ["set-function-length@1.2.2", "", { "dependencies": { "define-data-property": "^1.1.4", "es-errors": "^1.3.0", "function-bind": "^1.1.2", "get-intrinsic": "^1.2.4", "gopd": "^1.0.1", "has-property-descriptors": "^1.0.2" } }, "sha512-pgRc4hJ4/sNjWCSS9AmnS40x3bNMDTknHgL5UaMBTMyJnU90EgWh1Rz+MC9eFu4BuN/UwZjKQuY/1v3rM7HMfg=="],

    "typescript": ["typescript@5.8.3", "", { "bin": { "tsc": "bin/tsc", "tsserver": "bin/tsserver" } }, "sha512-p1diW6TqL9L07nNxvRMM7hMMw4c5XOo/1ibL4aAIGmSAt9slTE1Xgw5KWuof2uTOvCg9BY7ZRi+GaF+7sfgPeQ=="],

    "undici-types": ["undici-types@6.21.0", "", {}, "sha512-iwDZqg0QAGrg9Rav5H4n0M64c3mkR59cJ6wQp+7C4nI0gsmExaedaYLNO44eT4AtBBwjbTiGPMlt2Md0T9H9JQ=="],

    "@codama/renderers-js-umi/@solana/codecs-strings": ["@solana/codecs-strings@2.0.0-rc.4", "", { "dependencies": { "@solana/codecs-core": "2.0.0-rc.4", "@solana/codecs-numbers": "2.0.0-rc.4", "@solana/errors": "2.0.0-rc.4" }, "peerDependencies": { "fastestsmallesttextencoderdecoder": "^1.0.22", "typescript": ">=5" } }, "sha512-LGfK2RL0BKjYYUfzu2FG/gTgCsYOMz9FKVs2ntji6WneZygPxJTV5W98K3J8Rl0JewpCSCFQH3xjLSHBJUS0fA=="],

    "@codama/renderers-rust/@solana/codecs-strings": ["@solana/codecs-strings@2.0.0-rc.4", "", { "dependencies": { "@solana/codecs-core": "2.0.0-rc.4", "@solana/codecs-numbers": "2.0.0-rc.4", "@solana/errors": "2.0.0-rc.4" }, "peerDependencies": { "fastestsmallesttextencoderdecoder": "^1.0.22", "typescript": ">=5" } }, "sha512-LGfK2RL0BKjYYUfzu2FG/gTgCsYOMz9FKVs2ntji6WneZygPxJTV5W98K3J8Rl0JewpCSCFQH3xjLSHBJUS0fA=="],

    "nunjucks/commander": ["commander@5.1.0", "", {}, "sha512-P0CysNDQ7rtVw4QIQtm+MRxV66vKFSvlsQvGYXZWR3qFU0jlMKHZZZgw8e+8DSah4UDKMqnknRDQz+xuQXQ/Zg=="],

    "@codama/renderers-js-umi/@solana/codecs-strings/@solana/codecs-core": ["@solana/codecs-core@2.0.0-rc.4", "", { "dependencies": { "@solana/errors": "2.0.0-rc.4" }, "peerDependencies": { "typescript": ">=5" } }, "sha512-JIrTSps032mSE3wBxW3bXOqWfoy4CMy1CX/XeVCijyh5kLVxZTSDIdRTYdePdL1yzaOZF1Xysvt1DhOUgBdM+A=="],

    "@codama/renderers-js-umi/@solana/codecs-strings/@solana/codecs-numbers": ["@solana/codecs-numbers@2.0.0-rc.4", "", { "dependencies": { "@solana/codecs-core": "2.0.0-rc.4", "@solana/errors": "2.0.0-rc.4" }, "peerDependencies": { "typescript": ">=5" } }, "sha512-ZJR7TaUO65+3Hzo3YOOUCS0wlzh17IW+j0MZC2LCk1R0woaypRpHKj4iSMYeQOZkMxsd9QT3WNvjFrPC2qA6Sw=="],

    "@codama/renderers-js-umi/@solana/codecs-strings/@solana/errors": ["@solana/errors@2.0.0-rc.4", "", { "dependencies": { "chalk": "^5.3.0", "commander": "^12.1.0" }, "peerDependencies": { "typescript": ">=5" }, "bin": { "errors": "bin/cli.mjs" } }, "sha512-0PPaMyB81keEHG/1pnyEuiBVKctbXO641M2w3CIOrYT/wzjunfF0FTxsqq9wYJeYo0AyiefCKGgSPs6wiY2PpQ=="],

    "@codama/renderers-rust/@solana/codecs-strings/@solana/codecs-core": ["@solana/codecs-core@2.0.0-rc.4", "", { "dependencies": { "@solana/errors": "2.0.0-rc.4" }, "peerDependencies": { "typescript": ">=5" } }, "sha512-JIrTSps032mSE3wBxW3bXOqWfoy4CMy1CX/XeVCijyh5kLVxZTSDIdRTYdePdL1yzaOZF1Xysvt1DhOUgBdM+A=="],

    "@codama/renderers-rust/@solana/codecs-strings/@solana/codecs-numbers": ["@solana/codecs-numbers@2.0.0-rc.4", "", { "dependencies": { "@solana/codecs-core": "2.0.0-rc.4", "@solana/errors": "2.0.0-rc.4" }, "peerDependencies": { "typescript": ">=5" } }, "sha512-ZJR7TaUO65+3Hzo3YOOUCS0wlzh17IW+j0MZC2LCk1R0woaypRpHKj4iSMYeQOZkMxsd9QT3WNvjFrPC2qA6Sw=="],

    "@codama/renderers-rust/@solana/codecs-strings/@solana/errors": ["@solana/errors@2.0.0-rc.4", "", { "dependencies": { "chalk": "^5.3.0", "commander": "^12.1.0" }, "peerDependencies": { "typescript": ">=5" }, "bin": { "errors": "bin/cli.mjs" } }, "sha512-0PPaMyB81keEHG/1pnyEuiBVKctbXO641M2w3CIOrYT/wzjunfF0FTxsqq9wYJeYo0AyiefCKGgSPs6wiY2PpQ=="],

    "@codama/renderers-js-umi/@solana/codecs-strings/@solana/errors/commander": ["commander@12.1.0", "", {}, "sha512-Vw8qHK3bZM9y/P10u3Vib8o/DdkvA2OtPtZvD871QKjy74Wj1WSKFILMPRPSdUSx5RFK1arlJzEtA4PkFgnbuA=="],

    "@codama/renderers-rust/@solana/codecs-strings/@solana/errors/commander": ["commander@12.1.0", "", {}, "sha512-Vw8qHK3bZM9y/P10u3Vib8o/DdkvA2OtPtZvD871QKjy74Wj1WSKFILMPRPSdUSx5RFK1arlJzEtA4PkFgnbuA=="],
  }
}
